
Microsoft Visual Studio Solution File, Format Version 12.00
# Visual Studio Version 16
VisualStudioVersion = 16.0.31112.23
MinimumVisualStudioVersion = 10.0.40219.1
Project("{9A19103F-16F7-4668-BE54-9A1E7A4F7556}") = "FirstTask", "FirstTask\FirstTask.csproj", "{2A98A487-1D91-4A0E-AC4B-48C2EBF59A76}"
EndProject
Project("{FAE04EC0-301F-11D3-BF4B-00C04F79EFBC}") = "SecondTask", "SecondTask\SecondTask.csproj", "{8C2371E6-D607-4B98-AE9A-A300762FC189}"
EndProject
Project("{FAE04EC0-301F-11D3-BF4B-00C04F79EFBC}") = "ThirdTask", "ThirdTask\ThirdTask.csproj", "{2ADBEA98-7809-4250-AFE6-5FBDE50A491D}"
EndProject
Project("{FAE04EC0-301F-11D3-BF4B-00C04F79EFBC}") = "FourthTask", "FourthTask\FourthTask.csproj", "{7A8AD65E-88A8-4F86-ABEE-31C6490606A1}"
EndProject
Global
	GlobalSection(SolutionConfigurationPlatforms) = preSolution
		Debug|Any CPU = Debug|Any CPU
		Release|Any CPU = Release|Any CPU
	EndGlobalSection
	GlobalSection(ProjectConfigurationPlatforms) = postSolution
		{2A98A487-1D91-4A0E-AC4B-48C2EBF59A76}.Debug|Any CPU.ActiveCfg = Debug|Any CPU
		{2A98A487-1D91-4A0E-AC4B-48C2EBF59A76}.Debug|Any CPU.Build.0 = Debug|Any CPU
		{2A98A487-1D91-4A0E-AC4B-48C2EBF59A76}.Release|Any CPU.ActiveCfg = Release|Any CPU
		{2A98A487-1D91-4A0E-AC4B-48C2EBF59A76}.Release|Any CPU.Build.0 = Release|Any CPU
		{8C2371E6-D607-4B98-AE9A-A300762FC189}.Debug|Any CPU.ActiveCfg = Debug|Any CPU
		{8C2371E6-D607-4B98-AE9A-A300762FC189}.Debug|Any CPU.Build.0 = Debug|Any CPU
		{8C2371E6-D607-4B98-AE9A-A300762FC189}.Release|Any CPU.ActiveCfg = Release|Any CPU
		{8C2371E6-D607-4B98-AE9A-A300762FC189}.Release|Any CPU.Build.0 = Release|Any CPU
		{2ADBEA98-7809-4250-AFE6-5FBDE50A491D}.Debug|Any CPU.ActiveCfg = Debug|Any CPU
		{2ADBEA98-7809-4250-AFE6-5FBDE50A491D}.Debug|Any CPU.Build.0 = Debug|Any CPU
		{2ADBEA98-7809-4250-AFE6-5FBDE50A491D}.Release|Any CPU.ActiveCfg = Release|Any CPU
		{2ADBEA98-7809-4250-AFE6-5FBDE50A491D}.Release|Any CPU.Build.0 = Release|Any CPU
		{7A8AD65E-88A8-4F86-ABEE-31C6490606A1}.Debug|Any CPU.ActiveCfg = Debug|Any CPU
		{7A8AD65E-88A8-4F86-ABEE-31C6490606A1}.Debug|Any CPU.Build.0 = Debug|Any CPU
		{7A8AD65E-88A8-4F86-ABEE-31C6490606A1}.Release|Any CPU.ActiveCfg = Release|Any CPU
		{7A8AD65E-88A8-4F86-ABEE-31C6490606A1}.Release|Any CPU.Build.0 = Release|Any CPU
	EndGlobalSection
	GlobalSection(SolutionProperties) = preSolution
		HideSolutionNode = FALSE
	EndGlobalSection
	GlobalSection(ExtensibilityGlobals) = postSolution
		SolutionGuid = {2855EADB-002A-46AA-9E65-4EC773767A14}
	EndGlobalSection
EndGlobal
